
Microsoft Visual Studio Solution File, Format Version 12.00
# Visual Studio Version 16
VisualStudioVersion = 16.0.30320.27
MinimumVisualStudioVersion = 10.0.40219.1
Project("{FAE04EC0-301F-11D3-BF4B-00C04F79EFBC}") = "Portas", "Portas\Portas.csproj", "{FF222A0C-45A6-4BB4-B94D-117FA2D4B997}"
EndProject
Global
	GlobalSection(SolutionConfigurationPlatforms) = preSolution
		Debug|Any CPU = Debug|Any CPU
		Release|Any CPU = Release|Any CPU
	EndGlobalSection
	GlobalSection(ProjectConfigurationPlatforms) = postSolution
		{FF222A0C-45A6-4BB4-B94D-117FA2D4B997}.Debug|Any CPU.ActiveCfg = Debug|Any CPU
		{FF222A0C-45A6-4BB4-B94D-117FA2D4B997}.Debug|Any CPU.Build.0 = Debug|Any CPU
		{FF222A0C-45A6-4BB4-B94D-117FA2D4B997}.Release|Any CPU.ActiveCfg = Release|Any CPU
		{FF222A0C-45A6-4BB4-B94D-117FA2D4B997}.Release|Any CPU.Build.0 = Release|Any CPU
	EndGlobalSection
	GlobalSection(SolutionProperties) = preSolution
		HideSolutionNode = FALSE
	EndGlobalSection
	GlobalSection(ExtensibilityGlobals) = postSolution
		SolutionGuid = {FAE09141-3168-41AA-A791-6ADFFBEB7884}
	EndGlobalSection
EndGlobal
